
Microsoft Visual Studio Solution File, Format Version 12.00
# Visual Studio Version 17
VisualStudioVersion = 17.3.32929.385
MinimumVisualStudioVersion = 10.0.40219.1
Project("{9A19103F-16F7-4668-BE54-9A1E7A4F7556}") = "StarCube", "StarCube\StarCube.csproj", "{244335F6-2075-4782-9F33-C265585B4CFE}"
EndProject
Project("{9A19103F-16F7-4668-BE54-9A1E7A4F7556}") = "StarCubeClient", "StarCubeClient\StarCubeClient.csproj", "{F051C00A-1904-4FCB-9373-E507C08A0782}"
EndProject
Project("{9A19103F-16F7-4668-BE54-9A1E7A4F7556}") = "StarCubeServer", "StarCubeServer\StarCubeServer.csproj", "{500AA5F4-6FA1-4FCC-85DA-02E30435397A}"
EndProject
Project("{9A19103F-16F7-4668-BE54-9A1E7A4F7556}") = "Coremod", "Coremod\Coremod.csproj", "{7DBC9E9B-A508-48E8-BACC-D1AFC6CE49F7}"
EndProject
Project("{9A19103F-16F7-4668-BE54-9A1E7A4F7556}") = "Test", "Test\Test.csproj", "{5C22FEE9-A554-4259-8404-A762DB6E8452}"
EndProject
Global
	GlobalSection(SolutionConfigurationPlatforms) = preSolution
		Debug|Any CPU = Debug|Any CPU
		Release|Any CPU = Release|Any CPU
	EndGlobalSection
	GlobalSection(ProjectConfigurationPlatforms) = postSolution
		{244335F6-2075-4782-9F33-C265585B4CFE}.Debug|Any CPU.ActiveCfg = Debug|Any CPU
		{244335F6-2075-4782-9F33-C265585B4CFE}.Debug|Any CPU.Build.0 = Debug|Any CPU
		{244335F6-2075-4782-9F33-C265585B4CFE}.Release|Any CPU.ActiveCfg = Release|Any CPU
		{244335F6-2075-4782-9F33-C265585B4CFE}.Release|Any CPU.Build.0 = Release|Any CPU
		{F051C00A-1904-4FCB-9373-E507C08A0782}.Debug|Any CPU.ActiveCfg = Debug|Any CPU
		{F051C00A-1904-4FCB-9373-E507C08A0782}.Debug|Any CPU.Build.0 = Debug|Any CPU
		{F051C00A-1904-4FCB-9373-E507C08A0782}.Release|Any CPU.ActiveCfg = Release|Any CPU
		{F051C00A-1904-4FCB-9373-E507C08A0782}.Release|Any CPU.Build.0 = Release|Any CPU
		{500AA5F4-6FA1-4FCC-85DA-02E30435397A}.Debug|Any CPU.ActiveCfg = Debug|Any CPU
		{500AA5F4-6FA1-4FCC-85DA-02E30435397A}.Debug|Any CPU.Build.0 = Debug|Any CPU
		{500AA5F4-6FA1-4FCC-85DA-02E30435397A}.Release|Any CPU.ActiveCfg = Release|Any CPU
		{500AA5F4-6FA1-4FCC-85DA-02E30435397A}.Release|Any CPU.Build.0 = Release|Any CPU
		{7DBC9E9B-A508-48E8-BACC-D1AFC6CE49F7}.Debug|Any CPU.ActiveCfg = Debug|Any CPU
		{7DBC9E9B-A508-48E8-BACC-D1AFC6CE49F7}.Debug|Any CPU.Build.0 = Debug|Any CPU
		{7DBC9E9B-A508-48E8-BACC-D1AFC6CE49F7}.Release|Any CPU.ActiveCfg = Release|Any CPU
		{7DBC9E9B-A508-48E8-BACC-D1AFC6CE49F7}.Release|Any CPU.Build.0 = Release|Any CPU
		{5C22FEE9-A554-4259-8404-A762DB6E8452}.Debug|Any CPU.ActiveCfg = Debug|Any CPU
		{5C22FEE9-A554-4259-8404-A762DB6E8452}.Debug|Any CPU.Build.0 = Debug|Any CPU
		{5C22FEE9-A554-4259-8404-A762DB6E8452}.Release|Any CPU.ActiveCfg = Release|Any CPU
		{5C22FEE9-A554-4259-8404-A762DB6E8452}.Release|Any CPU.Build.0 = Release|Any CPU
	EndGlobalSection
	GlobalSection(SolutionProperties) = preSolution
		HideSolutionNode = FALSE
	EndGlobalSection
	GlobalSection(ExtensibilityGlobals) = postSolution
		SolutionGuid = {E6D4B9C5-ED40-4F26-B323-CB76186A42DC}
	EndGlobalSection
EndGlobal
